// !$*UTF8*$!
{
	archiveVersion = 1;
	classes = {
	};
	objectVersion = 46;
	objects = {

/* Begin PBXBuildFile section */
		C20F9D371F421FED00FEC398 /* AppDelegate.swift in Sources */ = {isa = PBXBuildFile; fileRef = C20F9D361F421FED00FEC398 /* AppDelegate.swift */; };
		C20F9D391F421FED00FEC398 /* RecordSoundsViewController.swift in Sources */ = {isa = PBXBuildFile; fileRef = C20F9D381F421FED00FEC398 /* RecordSoundsViewController.swift */; };
		C20F9D3C1F421FED00FEC398 /* Main.storyboard in Resources */ = {isa = PBXBuildFile; fileRef = C20F9D3A1F421FED00FEC398 /* Main.storyboard */; };
		C20F9D3E1F421FED00FEC398 /* Assets.xcassets in Resources */ = {isa = PBXBuildFile; fileRef = C20F9D3D1F421FED00FEC398 /* Assets.xcassets */; };
		C20F9D411F421FED00FEC398 /* LaunchScreen.storyboard in Resources */ = {isa = PBXBuildFile; fileRef = C20F9D3F1F421FED00FEC398 /* LaunchScreen.storyboard */; };
		C22AE03C1F60BE4700398862 /* PlaySoundsViewController+Audio.swift in Sources */ = {isa = PBXBuildFile; fileRef = C22AE03B1F60BE4700398862 /* PlaySoundsViewController+Audio.swift */; };
		C288FCF61F4F4BD900CC0B16 /* PlaySoundsViewController.swift in Sources */ = {isa = PBXBuildFile; fileRef = C288FCF51F4F4BD900CC0B16 /* PlaySoundsViewController.swift */; };
/* End PBXBuildFile section */

/* Begin PBXFileReference section */
		C20F9D331F421FED00FEC398 /* PitchPerfect.app */ = {isa = PBXFileReference; explicitFileType = wrapper.application; includeInIndex = 0; path = PitchPerfect.app; sourceTree = BUILT_PRODUCTS_DIR; };
		C20F9D361F421FED00FEC398 /* AppDelegate.swift */ = {isa = PBXFileReference; lastKnownFileType = sourcecode.swift; path = AppDelegate.swift; sourceTree = "<group>"; };
		C20F9D381F421FED00FEC398 /* RecordSoundsViewController.swift */ = {isa = PBXFileReference; lastKnownFileType = sourcecode.swift; path = RecordSoundsViewController.swift; sourceTree = "<group>"; };
		C20F9D3B1F421FED00FEC398 /* Base */ = {isa = PBXFileReference; lastKnownFileType = file.storyboard; name = Base; path = Base.lproj/Main.storyboard; sourceTree = "<group>"; };
		C20F9D3D1F421FED00FEC398 /* Assets.xcassets */ = {isa = PBXFileReference; lastKnownFileType = folder.assetcatalog; path = Assets.xcassets; sourceTree = "<group>"; };
		C20F9D401F421FED00FEC398 /* Base */ = {isa = PBXFileReference; lastKnownFileType = file.storyboard; name = Base; path = Base.lproj/LaunchScreen.storyboard; sourceTree = "<group>"; };
		C20F9D421F421FED00FEC398 /* Info.plist */ = {isa = PBXFileReference; lastKnownFileType = text.plist.xml; path = Info.plist; sourceTree = "<group>"; };
		C22AE03B1F60BE4700398862 /* PlaySoundsViewController+Audio.swift */ = {isa = PBXFileReference; fileEncoding = 4; lastKnownFileType = sourcecode.swift; name = "PlaySoundsViewController+Audio.swift"; path = "../PlaySoundsViewController+Audio.swift"; sourceTree = "<group>"; };
		C288FCF51F4F4BD900CC0B16 /* PlaySoundsViewController.swift */ = {isa = PBXFileReference; fileEncoding = 4; lastKnownFileType = sourcecode.swift; name = PlaySoundsViewController.swift; path = ../PlaySoundsViewController.swift; sourceTree = "<group>"; };
/* End PBXFileReference section */

/* Begin PBXFrameworksBuildPhase section */
		C20F9D301F421FED00FEC398 /* Frameworks */ = {
			isa = PBXFrameworksBuildPhase;
			buildActionMask = 2147483647;
			files = (
			);
			runOnlyForDeploymentPostprocessing = 0;
		};
/* End PBXFrameworksBuildPhase section */

/* Begin PBXGroup section */
		C20F9D2A1F421FED00FEC398 = {
			isa = PBXGroup;
			children = (
				C20F9D351F421FED00FEC398 /* PitchPerfect */,
				C20F9D341F421FED00FEC398 /* Products */,
			);
			sourceTree = "<group>";
		};
		C20F9D341F421FED00FEC398 /* Products */ = {
			isa = PBXGroup;
			children = (
				C20F9D331F421FED00FEC398 /* PitchPerfect.app */,
			);
			name = Products;
			sourceTree = "<group>";
		};
		C20F9D351F421FED00FEC398 /* PitchPerfect */ = {
			isa = PBXGroup;
			children = (
				C20F9D361F421FED00FEC398 /* AppDelegate.swift */,
				C288FCF51F4F4BD900CC0B16 /* PlaySoundsViewController.swift */,
				C20F9D381F421FED00FEC398 /* RecordSoundsViewController.swift */,
				C22AE03B1F60BE4700398862 /* PlaySoundsViewController+Audio.swift */,
				C20F9D3A1F421FED00FEC398 /* Main.storyboard */,
				C20F9D3D1F421FED00FEC398 /* Assets.xcassets */,
				C20F9D3F1F421FED00FEC398 /* LaunchScreen.storyboard */,
				C20F9D421F421FED00FEC398 /* Info.plist */,
			);
			path = PitchPerfect;
			sourceTree = "<group>";
		};
/* End PBXGroup section */

/* Begin PBXNativeTarget section */
		C20F9D321F421FED00FEC398 /* PitchPerfect */ = {
			isa = PBXNativeTarget;
			buildConfigurationList = C20F9D451F421FED00FEC398 /* Build configuration list for PBXNativeTarget "PitchPerfect" */;
			buildPhases = (
				C20F9D2F1F421FED00FEC398 /* Sources */,
				C20F9D301F421FED00FEC398 /* Frameworks */,
				C20F9D311F421FED00FEC398 /* Resources */,
			);
			buildRules = (
			);
			dependencies = (
			);
			name = PitchPerfect;
			productName = PitchPerfect;
			productReference = C20F9D331F421FED00FEC398 /* PitchPerfect.app */;
			productType = "com.apple.product-type.application";
		};
/* End PBXNativeTarget section */

/* Begin PBXProject section */
		C20F9D2B1F421FED00FEC398 /* Project object */ = {
			isa = PBXProject;
			attributes = {
				LastSwiftUpdateCheck = 0820;
				LastUpgradeCheck = 0820;
				ORGANIZATIONNAME = aarti;
				TargetAttributes = {
					C20F9D321F421FED00FEC398 = {
						CreatedOnToolsVersion = 8.2.1;
						ProvisioningStyle = Automatic;
					};
				};
			};
			buildConfigurationList = C20F9D2E1F421FED00FEC398 /* Build configuration list for PBXProject "PitchPerfect" */;
			compatibilityVersion = "Xcode 3.2";
			developmentRegion = English;
			hasScannedForEncodings = 0;
			knownRegions = (
				en,
				Base,
			);
			mainGroup = C20F9D2A1F421FED00FEC398;
			productRefGroup = C20F9D341F421FED00FEC398 /* Products */;
			projectDirPath = "";
			projectRoot = "";
			targets = (
				C20F9D321F421FED00FEC398 /* PitchPerfect */,
			);
		};
/* End PBXProject section */

/* Begin PBXResourcesBuildPhase section */
		C20F9D311F421FED00FEC398 /* Resources */ = {
			isa = PBXResourcesBuildPhase;
			buildActionMask = 2147483647;
			files = (
				C20F9D411F421FED00FEC398 /* LaunchScreen.storyboard in Resources */,
				C20F9D3E1F421FED00FEC398 /* Assets.xcassets in Resources */,
				C20F9D3C1F421FED00FEC398 /* Main.storyboard in Resources */,
			);
			runOnlyForDeploymentPostprocessing = 0;
		};
/* End PBXResourcesBuildPhase section */

/* Begin PBXSourcesBuildPhase section */
		C20F9D2F1F421FED00FEC398 /* Sources */ = {
			isa = PBXSourcesBuildPhase;
			buildActionMask = 2147483647;
			files = (
				C20F9D391F421FED00FEC398 /* RecordSoundsViewController.swift in Sources */,
				C22AE03C1F60BE4700398862 /* PlaySoundsViewController+Audio.swift in Sources */,
				C288FCF61F4F4BD900CC0B16 /* PlaySoundsViewController.swift in Sources */,
				C20F9D371F421FED00FEC398 /* AppDelegate.swift in Sources */,
			);
			runOnlyForDeploymentPostprocessing = 0;
		};
/* End PBXSourcesBuildPhase section */

/* Begin PBXVariantGroup section */
		C20F9D3A1F421FED00FEC398 /* Main.storyboard */ = {
			isa = PBXVariantGroup;
			children = (
				C20F9D3B1F421FED00FEC398 /* Base */,
			);
			name = Main.storyboard;
			sourceTree = "<group>";
		};
		C20F9D3F1F421FED00FEC398 /* LaunchScreen.storyboard */ = {
			isa = PBXVariantGroup;
			children = (
				C20F9D401F421FED00FEC398 /* Base */,
			);
			name = LaunchScreen.storyboard;
			sourceTree = "<group>";
		};
/* End PBXVariantGroup section */

/* Begin XCBuildConfiguration section */
		C20F9D431F421FED00FEC398 /* Debug */ = {
			isa = XCBuildConfiguration;
			buildSettings = {
				ALWAYS_SEARCH_USER_PATHS = NO;
				CLANG_ANALYZER_NONNULL = YES;
				CLANG_CXX_LANGUAGE_STANDARD = "gnu++0x";
				CLANG_CXX_LIBRARY = "libc++";
				CLANG_ENABLE_MODULES = YES;
				CLANG_ENABLE_OBJC_ARC = YES;
				CLANG_WARN_BOOL_CONVERSION = YES;
				CLANG_WARN_CONSTANT_CONVERSION = YES;
				CLANG_WARN_DIRECT_OBJC_ISA_USAGE = YES_ERROR;
				CLANG_WARN_DOCUMENTATION_COMMENTS = YES;
				CLANG_WARN_EMPTY_BODY = YES;
				CLANG_WARN_ENUM_CONVERSION = YES;
				CLANG_WARN_INFINITE_RECURSION = YES;
				CLANG_WARN_INT_CONVERSION = YES;
				CLANG_WARN_OBJC_ROOT_CLASS = YES_ERROR;
				CLANG_WARN_SUSPICIOUS_MOVE = YES;
				CLANG_WARN_UNREACHABLE_CODE = YES;
				CLANG_WARN__DUPLICATE_METHOD_MATCH = YES;
				"CODE_SIGN_IDENTITY[sdk=iphoneos*]" = "iPhone Developer";
				COPY_PHASE_STRIP = NO;
				DEBUG_INFORMATION_FORMAT = dwarf;
				ENABLE_STRICT_OBJC_MSGSEND = YES;
				ENABLE_TESTABILITY = YES;
				GCC_C_LANGUAGE_STANDARD = gnu99;
				GCC_DYNAMIC_NO_PIC = NO;
				GCC_NO_COMMON_BLOCKS = YES;
				GCC_OPTIMIZATION_LEVEL = 0;
				GCC_PREPROCESSOR_DEFINITIONS = (
					"DEBUG=1",
					"$(inherited)",
				);
				GCC_WARN_64_TO_32_BIT_CONVERSION = YES;
				GCC_WARN_ABOUT_RETURN_TYPE = YES_ERROR;
				GCC_WARN_UNDECLARED_SELECTOR = YES;
				GCC_WARN_UNINITIALIZED_AUTOS = YES_AGGRESSIVE;
				GCC_WARN_UNUSED_FUNCTION = YES;
				GCC_WARN_UNUSED_VARIABLE = YES;
				IPHONEOS_DEPLOYMENT_TARGET = 10.2;
				MTL_ENABLE_DEBUG_INFO = YES;
				ONLY_ACTIVE_ARCH = YES;
				SDKROOT = iphoneos;
				SWIFT_ACTIVE_COMPILATION_CONDITIONS = DEBUG;
				SWIFT_OPTIMIZATION_LEVEL = "-Onone";
			};
			name = Debug;
		};
		C20F9D441F421FED00FEC398 /* Release */ = {
			isa = XCBuildConfiguration;
			buildSettings = {
				ALWAYS_SEARCH_USER_PATHS = NO;
				CLANG_ANALYZER_NONNULL = YES;
				CLANG_CXX_LANGUAGE_STANDARD = "gnu++0x";
				CLANG_CXX_LIBRARY = "libc++";
				CLANG_ENABLE_MODULES = YES;
				CLANG_ENABLE_OBJC_ARC = YES;
				CLANG_WARN_BOOL_CONVERSION = YES;
				CLANG_WARN_CONSTANT_CONVERSION = YES;
				CLANG_WARN_DIRECT_OBJC_ISA_USAGE = YES_ERROR;
				CLANG_WARN_DOCUMENTATION_COMMENTS = YES;
				CLANG_WARN_EMPTY_BODY = YES;
				CLANG_WARN_ENUM_CONVERSION = YES;
				CLANG_WARN_INFINITE_RECURSION = YES;
				CLANG_WARN_INT_CONVERSION = YES;
				CLANG_WARN_OBJC_ROOT_CLASS = YES_ERROR;
				CLANG_WARN_SUSPICIOUS_MOVE = YES;
				CLANG_WARN_UNREACHABLE_CODE = YES;
				CLANG_WARN__DUPLICATE_METHOD_MATCH = YES;
				"CODE_SIGN_IDENTITY[sdk=iphoneos*]" = "iPhone Developer";
				COPY_PHASE_STRIP = NO;
				DEBUG_INFORMATION_FORMAT = "dwarf-with-dsym";
				ENABLE_NS_ASSERTIONS = NO;
				ENABLE_STRICT_OBJC_MSGSEND = YES;
				GCC_C_LANGUAGE_STANDARD = gnu99;
				GCC_NO_COMMON_BLOCKS = YES;
				GCC_WARN_64_TO_32_BIT_CONVERSION = YES;
				GCC_WARN_ABOUT_RETURN_TYPE = YES_ERROR;
				GCC_WARN_UNDECLARED_SELECTOR = YES;
				GCC_WARN_UNINITIALIZED_AUTOS = YES_AGGRESSIVE;
				GCC_WARN_UNUSED_FUNCTION = YES;
				GCC_WARN_UNUSED_VARIABLE = YES;
				IPHONEOS_DEPLOYMENT_TARGET = 10.2;
				MTL_ENABLE_DEBUG_INFO = NO;
				SDKROOT = iphoneos;
				SWIFT_OPTIMIZATION_LEVEL = "-Owholemodule";
				VALIDATE_PRODUCT = YES;
			};
			name = Release;
		};
		C20F9D461F421FED00FEC398 /* Debug */ = {
			isa = XCBuildConfiguration;
			buildSettings = {
				ASSETCATALOG_COMPILER_APPICON_NAME = AppIcon;
				INFOPLIST_FILE = PitchPerfect/Info.plist;
				LD_RUNPATH_SEARCH_PATHS = "$(inherited) @executable_path/Frameworks";
				PRODUCT_BUNDLE_IDENTIFIER = com.app.PitchPerfect;
				PRODUCT_NAME = "$(TARGET_NAME)";
				SWIFT_VERSION = 3.0;
			};
			name = Debug;
		};
		C20F9D471F421FED00FEC398 /* Release */ = {
			isa = XCBuildConfiguration;
			buildSettings = {
				ASSETCATALOG_COMPILER_APPICON_NAME = AppIcon;
				INFOPLIST_FILE = PitchPerfect/Info.plist;
				LD_RUNPATH_SEARCH_PATHS = "$(inherited) @executable_path/Frameworks";
				PRODUCT_BUNDLE_IDENTIFIER = com.app.PitchPerfect;
				PRODUCT_NAME = "$(TARGET_NAME)";
				SWIFT_VERSION = 3.0;
			};
			name = Release;
		};
/* End XCBuildConfiguration section */

/* Begin XCConfigurationList section */
		C20F9D2E1F421FED00FEC398 /* Build configuration list for PBXProject "PitchPerfect" */ = {
			isa = XCConfigurationList;
			buildConfigurations = (
				C20F9D431F421FED00FEC398 /* Debug */,
				C20F9D441F421FED00FEC398 /* Release */,
			);
			defaultConfigurationIsVisible = 0;
			defaultConfigurationName = Release;
		};
		C20F9D451F421FED00FEC398 /* Build configuration list for PBXNativeTarget "PitchPerfect" */ = {
			isa = XCConfigurationList;
			buildConfigurations = (
				C20F9D461F421FED00FEC398 /* Debug */,
				C20F9D471F421FED00FEC398 /* Release */,
			);
			defaultConfigurationIsVisible = 0;
			defaultConfigurationName = Release;
		};
/* End XCConfigurationList section */
	};
	rootObject = C20F9D2B1F421FED00FEC398 /* Project object */;
}
